// !$*UTF8*$!
{
	archiveVersion = 1;
	classes = {
	};
	objectVersion = 46;
	objects = {

/* Begin PBXBuildFile section */
		8494D8851806DD1A00746B3E /* Foundation.framework in Frameworks */ = {isa = PBXBuildFile; fileRef = 8494D8841806DD1A00746B3E /* Foundation.framework */; };
		8494D8871806DD1A00746B3E /* CoreGraphics.framework in Frameworks */ = {isa = PBXBuildFile; fileRef = 8494D8861806DD1A00746B3E /* CoreGraphics.framework */; };
		8494D8891806DD1A00746B3E /* UIKit.framework in Frameworks */ = {isa = PBXBuildFile; fileRef = 8494D8881806DD1A00746B3E /* UIKit.framework */; };
		8494D88F1806DD1A00746B3E /* InfoPlist.strings in Resources */ = {isa = PBXBuildFile; fileRef = 8494D88D1806DD1A00746B3E /* InfoPlist.strings */; };
		8494D8911806DD1A00746B3E /* main.m in Sources */ = {isa = PBXBuildFile; fileRef = 8494D8901806DD1A00746B3E /* main.m */; };
		8494D8951806DD1A00746B3E /* AppDelegate.m in Sources */ = {isa = PBXBuildFile; fileRef = 8494D8941806DD1A00746B3E /* AppDelegate.m */; };
		8494D8981806DD1A00746B3E /* Main_iPhone.storyboard in Resources */ = {isa = PBXBuildFile; fileRef = 8494D8961806DD1A00746B3E /* Main_iPhone.storyboard */; };
		8494D89B1806DD1A00746B3E /* Main_iPad.storyboard in Resources */ = {isa = PBXBuildFile; fileRef = 8494D8991806DD1A00746B3E /* Main_iPad.storyboard */; };
		8494D89E1806DD1A00746B3E /* ViewController.m in Sources */ = {isa = PBXBuildFile; fileRef = 8494D89D1806DD1A00746B3E /* ViewController.m */; };
		8494D8A01806DD1A00746B3E /* Images.xcassets in Resources */ = {isa = PBXBuildFile; fileRef = 8494D89F1806DD1A00746B3E /* Images.xcassets */; };
		FEDD4B597DAD4DA9B23EEA30 /* libPods.a in Frameworks */ = {isa = PBXBuildFile; fileRef = 5484D57851844C54872CEFA0 /* libPods.a */; };
/* End PBXBuildFile section */

/* Begin PBXFileReference section */
		5484D57851844C54872CEFA0 /* libPods.a */ = {isa = PBXFileReference; explicitFileType = archive.ar; includeInIndex = 0; path = libPods.a; sourceTree = BUILT_PRODUCTS_DIR; };
		8494D8811806DD1A00746B3E /* AlphaSMSKit.app */ = {isa = PBXFileReference; explicitFileType = wrapper.application; includeInIndex = 0; path = AlphaSMSKit.app; sourceTree = BUILT_PRODUCTS_DIR; };
		8494D8841806DD1A00746B3E /* Foundation.framework */ = {isa = PBXFileReference; lastKnownFileType = wrapper.framework; name = Foundation.framework; path = System/Library/Frameworks/Foundation.framework; sourceTree = SDKROOT; };
		8494D8861806DD1A00746B3E /* CoreGraphics.framework */ = {isa = PBXFileReference; lastKnownFileType = wrapper.framework; name = CoreGraphics.framework; path = System/Library/Frameworks/CoreGraphics.framework; sourceTree = SDKROOT; };
		8494D8881806DD1A00746B3E /* UIKit.framework */ = {isa = PBXFileReference; lastKnownFileType = wrapper.framework; name = UIKit.framework; path = System/Library/Frameworks/UIKit.framework; sourceTree = SDKROOT; };
		8494D88C1806DD1A00746B3E /* AlphaSMSKit-Info.plist */ = {isa = PBXFileReference; lastKnownFileType = text.plist.xml; path = "AlphaSMSKit-Info.plist"; sourceTree = "<group>"; };
		8494D88E1806DD1A00746B3E /* en */ = {isa = PBXFileReference; lastKnownFileType = text.plist.strings; name = en; path = en.lproj/InfoPlist.strings; sourceTree = "<group>"; };
		8494D8901806DD1A00746B3E /* main.m */ = {isa = PBXFileReference; lastKnownFileType = sourcecode.c.objc; path = main.m; sourceTree = "<group>"; };
		8494D8921806DD1A00746B3E /* AlphaSMSKit-Prefix.pch */ = {isa = PBXFileReference; lastKnownFileType = sourcecode.c.h; path = "AlphaSMSKit-Prefix.pch"; sourceTree = "<group>"; };
		8494D8931806DD1A00746B3E /* AppDelegate.h */ = {isa = PBXFileReference; lastKnownFileType = sourcecode.c.h; path = AppDelegate.h; sourceTree = "<group>"; };
		8494D8941806DD1A00746B3E /* AppDelegate.m */ = {isa = PBXFileReference; lastKnownFileType = sourcecode.c.objc; path = AppDelegate.m; sourceTree = "<group>"; };
		8494D8971806DD1A00746B3E /* Base */ = {isa = PBXFileReference; lastKnownFileType = file.storyboard; name = Base; path = Base.lproj/Main_iPhone.storyboard; sourceTree = "<group>"; };
		8494D89A1806DD1A00746B3E /* Base */ = {isa = PBXFileReference; lastKnownFileType = file.storyboard; name = Base; path = Base.lproj/Main_iPad.storyboard; sourceTree = "<group>"; };
		8494D89C1806DD1A00746B3E /* ViewController.h */ = {isa = PBXFileReference; lastKnownFileType = sourcecode.c.h; path = ViewController.h; sourceTree = "<group>"; };
		8494D89D1806DD1A00746B3E /* ViewController.m */ = {isa = PBXFileReference; lastKnownFileType = sourcecode.c.objc; path = ViewController.m; sourceTree = "<group>"; };
		8494D89F1806DD1A00746B3E /* Images.xcassets */ = {isa = PBXFileReference; lastKnownFileType = folder.assetcatalog; path = Images.xcassets; sourceTree = "<group>"; };
		8494D8A61806DD1A00746B3E /* XCTest.framework */ = {isa = PBXFileReference; lastKnownFileType = wrapper.framework; name = XCTest.framework; path = Library/Frameworks/XCTest.framework; sourceTree = DEVELOPER_DIR; };
		DA71AC3FC93746528DBA1D8E /* Pods.xcconfig */ = {isa = PBXFileReference; includeInIndex = 1; lastKnownFileType = text.xcconfig; name = Pods.xcconfig; path = Pods/Pods.xcconfig; sourceTree = "<group>"; };
/* End PBXFileReference section */

/* Begin PBXFrameworksBuildPhase section */
		8494D87E1806DD1A00746B3E /* Frameworks */ = {
			isa = PBXFrameworksBuildPhase;
			buildActionMask = 2147483647;
			files = (
				8494D8871806DD1A00746B3E /* CoreGraphics.framework in Frameworks */,
				8494D8891806DD1A00746B3E /* UIKit.framework in Frameworks */,
				8494D8851806DD1A00746B3E /* Foundation.framework in Frameworks */,
				FEDD4B597DAD4DA9B23EEA30 /* libPods.a in Frameworks */,
			);
			runOnlyForDeploymentPostprocessing = 0;
		};
/* End PBXFrameworksBuildPhase section */

/* Begin PBXGroup section */
		8494D8781806DD1A00746B3E = {
			isa = PBXGroup;
			children = (
				8494D88A1806DD1A00746B3E /* AlphaSMSKit */,
				8494D8831806DD1A00746B3E /* Frameworks */,
				8494D8821806DD1A00746B3E /* Products */,
				DA71AC3FC93746528DBA1D8E /* Pods.xcconfig */,
			);
			sourceTree = "<group>";
		};
		8494D8821806DD1A00746B3E /* Products */ = {
			isa = PBXGroup;
			children = (
				8494D8811806DD1A00746B3E /* AlphaSMSKit.app */,
			);
			name = Products;
			sourceTree = "<group>";
		};
		8494D8831806DD1A00746B3E /* Frameworks */ = {
			isa = PBXGroup;
			children = (
				8494D8841806DD1A00746B3E /* Foundation.framework */,
				8494D8861806DD1A00746B3E /* CoreGraphics.framework */,
				8494D8881806DD1A00746B3E /* UIKit.framework */,
				8494D8A61806DD1A00746B3E /* XCTest.framework */,
				5484D57851844C54872CEFA0 /* libPods.a */,
			);
			name = Frameworks;
			sourceTree = "<group>";
		};
		8494D88A1806DD1A00746B3E /* AlphaSMSKit */ = {
			isa = PBXGroup;
			children = (
				8494D8931806DD1A00746B3E /* AppDelegate.h */,
				8494D8941806DD1A00746B3E /* AppDelegate.m */,
				8494D8961806DD1A00746B3E /* Main_iPhone.storyboard */,
				8494D8991806DD1A00746B3E /* Main_iPad.storyboard */,
				8494D89C1806DD1A00746B3E /* ViewController.h */,
				8494D89D1806DD1A00746B3E /* ViewController.m */,
				8494D89F1806DD1A00746B3E /* Images.xcassets */,
				8494D88B1806DD1A00746B3E /* Supporting Files */,
			);
			path = AlphaSMSKit;
			sourceTree = "<group>";
		};
		8494D88B1806DD1A00746B3E /* Supporting Files */ = {
			isa = PBXGroup;
			children = (
				8494D88C1806DD1A00746B3E /* AlphaSMSKit-Info.plist */,
				8494D88D1806DD1A00746B3E /* InfoPlist.strings */,
				8494D8901806DD1A00746B3E /* main.m */,
				8494D8921806DD1A00746B3E /* AlphaSMSKit-Prefix.pch */,
			);
			name = "Supporting Files";
			sourceTree = "<group>";
		};
/* End PBXGroup section */

/* Begin PBXNativeTarget section */
		8494D8801806DD1A00746B3E /* AlphaSMSKit */ = {
			isa = PBXNativeTarget;
			buildConfigurationList = 8494D8B61806DD1A00746B3E /* Build configuration list for PBXNativeTarget "AlphaSMSKit" */;
			buildPhases = (
				49E1C8D71C9742D89FE58DA0 /* Check Pods Manifest.lock */,
				8494D87D1806DD1A00746B3E /* Sources */,
				8494D87E1806DD1A00746B3E /* Frameworks */,
				8494D87F1806DD1A00746B3E /* Resources */,
				D1D43C1F9AD74DD8B7921A64 /* Copy Pods Resources */,
			);
			buildRules = (
			);
			dependencies = (
			);
			name = AlphaSMSKit;
			productName = AlphaSMSKit;
			productReference = 8494D8811806DD1A00746B3E /* AlphaSMSKit.app */;
			productType = "com.apple.product-type.application";
		};
/* End PBXNativeTarget section */

/* Begin PBXProject section */
		8494D8791806DD1A00746B3E /* Project object */ = {
			isa = PBXProject;
			attributes = {
				LastUpgradeCheck = 0500;
			};
			buildConfigurationList = 8494D87C1806DD1A00746B3E /* Build configuration list for PBXProject "AlphaSMSKit" */;
			compatibilityVersion = "Xcode 3.2";
			developmentRegion = English;
			hasScannedForEncodings = 0;
			knownRegions = (
				en,
				Base,
			);
			mainGroup = 8494D8781806DD1A00746B3E;
			productRefGroup = 8494D8821806DD1A00746B3E /* Products */;
			projectDirPath = "";
			projectRoot = "";
			targets = (
				8494D8801806DD1A00746B3E /* AlphaSMSKit */,
			);
		};
/* End PBXProject section */

/* Begin PBXResourcesBuildPhase section */
		8494D87F1806DD1A00746B3E /* Resources */ = {
			isa = PBXResourcesBuildPhase;
			buildActionMask = 2147483647;
			files = (
				8494D89B1806DD1A00746B3E /* Main_iPad.storyboard in Resources */,
				8494D8A01806DD1A00746B3E /* Images.xcassets in Resources */,
				8494D8981806DD1A00746B3E /* Main_iPhone.storyboard in Resources */,
				8494D88F1806DD1A00746B3E /* InfoPlist.strings in Resources */,
			);
			runOnlyForDeploymentPostprocessing = 0;
		};
/* End PBXResourcesBuildPhase section */

/* Begin PBXShellScriptBuildPhase section */
		49E1C8D71C9742D89FE58DA0 /* Check Pods Manifest.lock */ = {
			isa = PBXShellScriptBuildPhase;
			buildActionMask = 2147483647;
			files = (
			);
			inputPaths = (
			);
			name = "Check Pods Manifest.lock";
			outputPaths = (
			);
			runOnlyForDeploymentPostprocessing = 0;
			shellPath = /bin/sh;
			shellScript = "diff \"${PODS_ROOT}/../Podfile.lock\" \"${PODS_ROOT}/Manifest.lock\" > /dev/null\nif [[ $? != 0 ]] ; then\n    cat << EOM\nerror: The sandbox is not in sync with the Podfile.lock. Run 'pod install' or update your CocoaPods installation.\nEOM\n    exit 1\nfi\n";
			showEnvVarsInLog = 0;
		};
		D1D43C1F9AD74DD8B7921A64 /* Copy Pods Resources */ = {
			isa = PBXShellScriptBuildPhase;
			buildActionMask = 2147483647;
			files = (
			);
			inputPaths = (
			);
			name = "Copy Pods Resources";
			outputPaths = (
			);
			runOnlyForDeploymentPostprocessing = 0;
			shellPath = /bin/sh;
			shellScript = "\"${SRCROOT}/Pods/Pods-resources.sh\"\n";
			showEnvVarsInLog = 0;
		};
/* End PBXShellScriptBuildPhase section */

/* Begin PBXSourcesBuildPhase section */
		8494D87D1806DD1A00746B3E /* Sources */ = {
			isa = PBXSourcesBuildPhase;
			buildActionMask = 2147483647;
			files = (
				8494D89E1806DD1A00746B3E /* ViewController.m in Sources */,
				8494D8951806DD1A00746B3E /* AppDelegate.m in Sources */,
				8494D8911806DD1A00746B3E /* main.m in Sources */,
			);
			runOnlyForDeploymentPostprocessing = 0;
		};
/* End PBXSourcesBuildPhase section */

/* Begin PBXVariantGroup section */
		8494D88D1806DD1A00746B3E /* InfoPlist.strings */ = {
			isa = PBXVariantGroup;
			children = (
				8494D88E1806DD1A00746B3E /* en */,
			);
			name = InfoPlist.strings;
			sourceTree = "<group>";
		};
		8494D8961806DD1A00746B3E /* Main_iPhone.storyboard */ = {
			isa = PBXVariantGroup;
			children = (
				8494D8971806DD1A00746B3E /* Base */,
			);
			name = Main_iPhone.storyboard;
			sourceTree = "<group>";
		};
		8494D8991806DD1A00746B3E /* Main_iPad.storyboard */ = {
			isa = PBXVariantGroup;
			children = (
				8494D89A1806DD1A00746B3E /* Base */,
			);
			name = Main_iPad.storyboard;
			sourceTree = "<group>";
		};
/* End PBXVariantGroup section */

/* Begin XCBuildConfiguration section */
		8494D8B41806DD1A00746B3E /* Debug */ = {
			isa = XCBuildConfiguration;
			buildSettings = {
				ALWAYS_SEARCH_USER_PATHS = NO;
				ARCHS = "$(ARCHS_STANDARD_INCLUDING_64_BIT)";
				CLANG_CXX_LANGUAGE_STANDARD = "gnu++0x";
				CLANG_CXX_LIBRARY = "libc++";
				CLANG_ENABLE_MODULES = YES;
				CLANG_ENABLE_OBJC_ARC = YES;
				CLANG_WARN_BOOL_CONVERSION = YES;
				CLANG_WARN_CONSTANT_CONVERSION = YES;
				CLANG_WARN_DIRECT_OBJC_ISA_USAGE = YES_ERROR;
				CLANG_WARN_EMPTY_BODY = YES;
				CLANG_WARN_ENUM_CONVERSION = YES;
				CLANG_WARN_INT_CONVERSION = YES;
				CLANG_WARN_OBJC_ROOT_CLASS = YES_ERROR;
				CLANG_WARN__DUPLICATE_METHOD_MATCH = YES;
				"CODE_SIGN_IDENTITY[sdk=iphoneos*]" = "iPhone Developer";
				COPY_PHASE_STRIP = NO;
				GCC_C_LANGUAGE_STANDARD = gnu99;
				GCC_DYNAMIC_NO_PIC = NO;
				GCC_OPTIMIZATION_LEVEL = 0;
				GCC_PREPROCESSOR_DEFINITIONS = (
					"DEBUG=1",
					"$(inherited)",
				);
				GCC_SYMBOLS_PRIVATE_EXTERN = NO;
				GCC_WARN_64_TO_32_BIT_CONVERSION = YES;
				GCC_WARN_ABOUT_RETURN_TYPE = YES_ERROR;
				GCC_WARN_UNDECLARED_SELECTOR = YES;
				GCC_WARN_UNINITIALIZED_AUTOS = YES;
				GCC_WARN_UNUSED_FUNCTION = YES;
				GCC_WARN_UNUSED_VARIABLE = YES;
				IPHONEOS_DEPLOYMENT_TARGET = 7.0;
				ONLY_ACTIVE_ARCH = YES;
				SDKROOT = iphoneos;
				TARGETED_DEVICE_FAMILY = "1,2";
			};
			name = Debug;
		};
		8494D8B51806DD1A00746B3E /* Release */ = {
			isa = XCBuildConfiguration;
			buildSettings = {
				ALWAYS_SEARCH_USER_PATHS = NO;
				ARCHS = "$(ARCHS_STANDARD_INCLUDING_64_BIT)";
				CLANG_CXX_LANGUAGE_STANDARD = "gnu++0x";
				CLANG_CXX_LIBRARY = "libc++";
				CLANG_ENABLE_MODULES = YES;
				CLANG_ENABLE_OBJC_ARC = YES;
				CLANG_WARN_BOOL_CONVERSION = YES;
				CLANG_WARN_CONSTANT_CONVERSION = YES;
				CLANG_WARN_DIRECT_OBJC_ISA_USAGE = YES_ERROR;
				CLANG_WARN_EMPTY_BODY = YES;
				CLANG_WARN_ENUM_CONVERSION = YES;
				CLANG_WARN_INT_CONVERSION = YES;
				CLANG_WARN_OBJC_ROOT_CLASS = YES_ERROR;
				CLANG_WARN__DUPLICATE_METHOD_MATCH = YES;
				"CODE_SIGN_IDENTITY[sdk=iphoneos*]" = "iPhone Developer";
				COPY_PHASE_STRIP = YES;
				ENABLE_NS_ASSERTIONS = NO;
				GCC_C_LANGUAGE_STANDARD = gnu99;
				GCC_WARN_64_TO_32_BIT_CONVERSION = YES;
				GCC_WARN_ABOUT_RETURN_TYPE = YES_ERROR;
				GCC_WARN_UNDECLARED_SELECTOR = YES;
				GCC_WARN_UNINITIALIZED_AUTOS = YES;
				GCC_WARN_UNUSED_FUNCTION = YES;
				GCC_WARN_UNUSED_VARIABLE = YES;
				IPHONEOS_DEPLOYMENT_TARGET = 7.0;
				SDKROOT = iphoneos;
				TARGETED_DEVICE_FAMILY = "1,2";
				VALIDATE_PRODUCT = YES;
			};
			name = Release;
		};
		8494D8B71806DD1A00746B3E /* Debug */ = {
			isa = XCBuildConfiguration;
			baseConfigurationReference = DA71AC3FC93746528DBA1D8E /* Pods.xcconfig */;
			buildSettings = {
				ASSETCATALOG_COMPILER_APPICON_NAME = AppIcon;
				ASSETCATALOG_COMPILER_LAUNCHIMAGE_NAME = LaunchImage;
				GCC_PRECOMPILE_PREFIX_HEADER = YES;
				GCC_PREFIX_HEADER = "AlphaSMSKit/AlphaSMSKit-Prefix.pch";
				INFOPLIST_FILE = "AlphaSMSKit/AlphaSMSKit-Info.plist";
				PRODUCT_NAME = "$(TARGET_NAME)";
				WRAPPER_EXTENSION = app;
			};
			name = Debug;
		};
		8494D8B81806DD1A00746B3E /* Release */ = {
			isa = XCBuildConfiguration;
			baseConfigurationReference = DA71AC3FC93746528DBA1D8E /* Pods.xcconfig */;
			buildSettings = {
				ASSETCATALOG_COMPILER_APPICON_NAME = AppIcon;
				ASSETCATALOG_COMPILER_LAUNCHIMAGE_NAME = LaunchImage;
				GCC_PRECOMPILE_PREFIX_HEADER = YES;
				GCC_PREFIX_HEADER = "AlphaSMSKit/AlphaSMSKit-Prefix.pch";
				INFOPLIST_FILE = "AlphaSMSKit/AlphaSMSKit-Info.plist";
				PRODUCT_NAME = "$(TARGET_NAME)";
				WRAPPER_EXTENSION = app;
			};
			name = Release;
		};
/* End XCBuildConfiguration section */

/* Begin XCConfigurationList section */
		8494D87C1806DD1A00746B3E /* Build configuration list for PBXProject "AlphaSMSKit" */ = {
			isa = XCConfigurationList;
			buildConfigurations = (
				8494D8B41806DD1A00746B3E /* Debug */,
				8494D8B51806DD1A00746B3E /* Release */,
			);
			defaultConfigurationIsVisible = 0;
			defaultConfigurationName = Release;
		};
		8494D8B61806DD1A00746B3E /* Build configuration list for PBXNativeTarget "AlphaSMSKit" */ = {
			isa = XCConfigurationList;
			buildConfigurations = (
				8494D8B71806DD1A00746B3E /* Debug */,
				8494D8B81806DD1A00746B3E /* Release */,
			);
			defaultConfigurationIsVisible = 0;
			defaultConfigurationName = Release;
		};
/* End XCConfigurationList section */
	};
	rootObject = 8494D8791806DD1A00746B3E /* Project object */;
}
